
Microsoft Visual Studio Solution File, Format Version 12.00
# Visual Studio Version 16
VisualStudioVersion = 16.0.29926.136
MinimumVisualStudioVersion = 10.0.40219.1
Project("{FAE04EC0-301F-11D3-BF4B-00C04F79EFBC}") = "EA2", "EA2\EA2.csproj", "{120D85B7-613A-4969-8D5C-7527E297CD8B}"
EndProject
Project("{FAE04EC0-301F-11D3-BF4B-00C04F79EFBC}") = "DAO", "DAO\DAO.csproj", "{6C81B57C-B51B-40E8-A79F-121C15352AE2}"
EndProject
Project("{FAE04EC0-301F-11D3-BF4B-00C04F79EFBC}") = "Servicios", "Servicios\Servicios.csproj", "{128C1B7D-93B8-4E63-B9A9-2A612A7289C6}"
EndProject
Project("{FAE04EC0-301F-11D3-BF4B-00C04F79EFBC}") = "Entidades", "Entidades\Entidades.csproj", "{DF6754CE-8A53-43F7-A238-4D9C619E3964}"
EndProject
Project("{FAE04EC0-301F-11D3-BF4B-00C04F79EFBC}") = "WebApi", "WebApi\WebApi.csproj", "{7AA0707C-7EC3-4C42-BA59-F73815684634}"
EndProject
Global
	GlobalSection(SolutionConfigurationPlatforms) = preSolution
		Debug|Any CPU = Debug|Any CPU
		Release|Any CPU = Release|Any CPU
	EndGlobalSection
	GlobalSection(ProjectConfigurationPlatforms) = postSolution
		{120D85B7-613A-4969-8D5C-7527E297CD8B}.Debug|Any CPU.ActiveCfg = Debug|Any CPU
		{120D85B7-613A-4969-8D5C-7527E297CD8B}.Debug|Any CPU.Build.0 = Debug|Any CPU
		{120D85B7-613A-4969-8D5C-7527E297CD8B}.Release|Any CPU.ActiveCfg = Release|Any CPU
		{120D85B7-613A-4969-8D5C-7527E297CD8B}.Release|Any CPU.Build.0 = Release|Any CPU
		{6C81B57C-B51B-40E8-A79F-121C15352AE2}.Debug|Any CPU.ActiveCfg = Debug|Any CPU
		{6C81B57C-B51B-40E8-A79F-121C15352AE2}.Debug|Any CPU.Build.0 = Debug|Any CPU
		{6C81B57C-B51B-40E8-A79F-121C15352AE2}.Release|Any CPU.ActiveCfg = Release|Any CPU
		{6C81B57C-B51B-40E8-A79F-121C15352AE2}.Release|Any CPU.Build.0 = Release|Any CPU
		{128C1B7D-93B8-4E63-B9A9-2A612A7289C6}.Debug|Any CPU.ActiveCfg = Debug|Any CPU
		{128C1B7D-93B8-4E63-B9A9-2A612A7289C6}.Debug|Any CPU.Build.0 = Debug|Any CPU
		{128C1B7D-93B8-4E63-B9A9-2A612A7289C6}.Release|Any CPU.ActiveCfg = Release|Any CPU
		{128C1B7D-93B8-4E63-B9A9-2A612A7289C6}.Release|Any CPU.Build.0 = Release|Any CPU
		{DF6754CE-8A53-43F7-A238-4D9C619E3964}.Debug|Any CPU.ActiveCfg = Debug|Any CPU
		{DF6754CE-8A53-43F7-A238-4D9C619E3964}.Debug|Any CPU.Build.0 = Debug|Any CPU
		{DF6754CE-8A53-43F7-A238-4D9C619E3964}.Release|Any CPU.ActiveCfg = Release|Any CPU
		{DF6754CE-8A53-43F7-A238-4D9C619E3964}.Release|Any CPU.Build.0 = Release|Any CPU
		{7AA0707C-7EC3-4C42-BA59-F73815684634}.Debug|Any CPU.ActiveCfg = Debug|Any CPU
		{7AA0707C-7EC3-4C42-BA59-F73815684634}.Debug|Any CPU.Build.0 = Debug|Any CPU
		{7AA0707C-7EC3-4C42-BA59-F73815684634}.Release|Any CPU.ActiveCfg = Release|Any CPU
		{7AA0707C-7EC3-4C42-BA59-F73815684634}.Release|Any CPU.Build.0 = Release|Any CPU
	EndGlobalSection
	GlobalSection(SolutionProperties) = preSolution
		HideSolutionNode = FALSE
	EndGlobalSection
	GlobalSection(ExtensibilityGlobals) = postSolution
		SolutionGuid = {DB5F203C-F765-455B-A17D-032CAEB6C9B3}
	EndGlobalSection
EndGlobal
